
Microsoft Visual Studio Solution File, Format Version 12.00
# Visual Studio Version 16
VisualStudioVersion = 16.0.30503.244
MinimumVisualStudioVersion = 10.0.40219.1
Project("{FAE04EC0-301F-11D3-BF4B-00C04F79EFBC}") = "ContatosVirtual", "ContatosVirtual\ContatosVirtual.csproj", "{EEAC52AC-0F2D-4CB8-9662-0BB1748354BD}"
EndProject
Project("{FAE04EC0-301F-11D3-BF4B-00C04F79EFBC}") = "ContatosVirtualTestes", "ContatosVirtualTestes\ContatosVirtualTestes.csproj", "{8652E878-D3EC-44E1-BAEA-34039928780F}"
EndProject
Global
	GlobalSection(SolutionConfigurationPlatforms) = preSolution
		Debug|Any CPU = Debug|Any CPU
		Release|Any CPU = Release|Any CPU
	EndGlobalSection
	GlobalSection(ProjectConfigurationPlatforms) = postSolution
		{EEAC52AC-0F2D-4CB8-9662-0BB1748354BD}.Debug|Any CPU.ActiveCfg = Debug|Any CPU
		{EEAC52AC-0F2D-4CB8-9662-0BB1748354BD}.Debug|Any CPU.Build.0 = Debug|Any CPU
		{EEAC52AC-0F2D-4CB8-9662-0BB1748354BD}.Release|Any CPU.ActiveCfg = Release|Any CPU
		{EEAC52AC-0F2D-4CB8-9662-0BB1748354BD}.Release|Any CPU.Build.0 = Release|Any CPU
		{8652E878-D3EC-44E1-BAEA-34039928780F}.Debug|Any CPU.ActiveCfg = Debug|Any CPU
		{8652E878-D3EC-44E1-BAEA-34039928780F}.Debug|Any CPU.Build.0 = Debug|Any CPU
		{8652E878-D3EC-44E1-BAEA-34039928780F}.Release|Any CPU.ActiveCfg = Release|Any CPU
		{8652E878-D3EC-44E1-BAEA-34039928780F}.Release|Any CPU.Build.0 = Release|Any CPU
	EndGlobalSection
	GlobalSection(SolutionProperties) = preSolution
		HideSolutionNode = FALSE
	EndGlobalSection
	GlobalSection(ExtensibilityGlobals) = postSolution
		SolutionGuid = {24FDE33A-663C-4154-ADD1-220D2DCD92A1}
	EndGlobalSection
EndGlobal
